
Microsoft Visual Studio Solution File, Format Version 12.00
# Visual Studio 15
VisualStudioVersion = 15.0.28307.779
MinimumVisualStudioVersion = 10.0.40219.1
Project("{FAE04EC0-301F-11D3-BF4B-00C04F79EFBC}") = "WpfApp1", "WpfApp1\WpfApp1.csproj", "{1CF1A8B8-AD2C-4225-AC76-6038117C4036}"
EndProject
Global
	GlobalSection(SolutionConfigurationPlatforms) = preSolution
		Debug|Any CPU = Debug|Any CPU
		Release|Any CPU = Release|Any CPU
	EndGlobalSection
	GlobalSection(ProjectConfigurationPlatforms) = postSolution
		{1CF1A8B8-AD2C-4225-AC76-6038117C4036}.Debug|Any CPU.ActiveCfg = Debug|Any CPU
		{1CF1A8B8-AD2C-4225-AC76-6038117C4036}.Debug|Any CPU.Build.0 = Debug|Any CPU
		{1CF1A8B8-AD2C-4225-AC76-6038117C4036}.Release|Any CPU.ActiveCfg = Release|Any CPU
		{1CF1A8B8-AD2C-4225-AC76-6038117C4036}.Release|Any CPU.Build.0 = Release|Any CPU
	EndGlobalSection
	GlobalSection(SolutionProperties) = preSolution
		HideSolutionNode = FALSE
	EndGlobalSection
	GlobalSection(ExtensibilityGlobals) = postSolution
		SolutionGuid = {1FF576D5-BD91-456F-BF85-683DD84D6925}
	EndGlobalSection
EndGlobal
